schema: '2.0'
stages:
  train_clf:
    cmd: python train_link_prediction.py --dataset_name reddit --model_name GraphMixer
      --num_runs 2 --gpu 0
    deps:
    - path: processed_data/ml_reddit.csv
      hash: md5
      md5: f388aca804fad821bb6e8c3512755bff
      size: 26870812
    - path: processed_data/ml_reddit.npy
      hash: md5
      md5: 02bac766285c84cc3b80fcb6a28d83f1
      size: 925288576
    - path: processed_data/ml_reddit_node.npy
      hash: md5
      md5: ca50eee56df93d33ebc99548498bc1c5
      size: 15115488
    - path: processed_data/reddit.csv
      hash: md5
      md5: cce28518427049d236f18982e8c56bb2
      size: 2368348656
    - path: train_link_prediction.py
      hash: md5
      md5: afce7fcdff7355946bdda9450c7f4bca
      size: 25618
    outs:
    - path: logs
      hash: md5
      md5: 00e7e9c448a43325946b03611f6600cc.dir
      size: 36268
      nfiles: 2
    - path: saved_models
      hash: md5
      md5: 96ff6b8f7c986a3507444abae94ac03b.dir
      size: 5166726
      nfiles: 2
    - path: saved_results
      hash: md5
      md5: c4a70f36d5ce90d192610b757f254aaa.dir
      size: 858
      nfiles: 2
